
Microsoft Visual Studio Solution File, Format Version 12.00
# Visual Studio Version 17
VisualStudioVersion = 17.0.31903.59
MinimumVisualStudioVersion = 10.0.40219.1
Project("{2150E333-8FDC-42A3-9474-1A3956D46DE8}") = "src", "src", "{F6F10C65-CFB7-4781-99F6-02870A80A481}"
EndProject
Project("{FAE04EC0-301F-11D3-BF4B-00C04F79EFBC}") = "OrdoSort.Core", "src\OrdoSort.Core\OrdoSort.Core.csproj", "{0C534E04-2CC7-4A71-8C14-9705437FD6E0}"
EndProject
Project("{2150E333-8FDC-42A3-9474-1A3956D46DE8}") = "tests", "tests", "{E3FA1F7E-98B2-4FF6-9E36-E3807D864808}"
EndProject
Project("{FAE04EC0-301F-11D3-BF4B-00C04F79EFBC}") = "OrdoSort.Core.Tests", "tests\OrdoSort.Core.Tests\OrdoSort.Core.Tests.csproj", "{AAED55D3-0635-4AD3-B42C-B60EE84F32E6}"
EndProject
Project("{2150E333-8FDC-42A3-9474-1A3956D46DE8}") = "tools", "tools", "{B3E1C88F-2F8F-4632-AF18-623B82F3E4A1}"
EndProject
Project("{FAE04EC0-301F-11D3-BF4B-00C04F79EFBC}") = "OrdoSort.Smoke", "tools\OrdoSort.Smoke\OrdoSort.Smoke.csproj", "{DC0726FB-A112-4AB0-BE34-A4785B7A5C35}"
EndProject
Project("{FAE04EC0-301F-11D3-BF4B-00C04F79EFBC}") = "OrdoSort.Wpf", "src\OrdoSort.Wpf\OrdoSort.Wpf.csproj", "{64F57F41-2218-4F42-BB65-572D6567DBCD}"
EndProject
Project("{FAE04EC0-301F-11D3-BF4B-00C04F79EFBC}") = "OrdoSort.Wpf.Tests", "tests\OrdoSort.Wpf.Tests\OrdoSort.Wpf.Tests.csproj", "{B605CC8A-83E0-493D-B5B7-F7B18D963143}"
EndProject
Global
	GlobalSection(SolutionConfigurationPlatforms) = preSolution
		Debug|Any CPU = Debug|Any CPU
		Release|Any CPU = Release|Any CPU
	EndGlobalSection
	GlobalSection(SolutionProperties) = preSolution
		HideSolutionNode = FALSE
	EndGlobalSection
	GlobalSection(ProjectConfigurationPlatforms) = postSolution
		{0C534E04-2CC7-4A71-8C14-9705437FD6E0}.Debug|Any CPU.ActiveCfg = Debug|Any CPU
		{0C534E04-2CC7-4A71-8C14-9705437FD6E0}.Debug|Any CPU.Build.0 = Debug|Any CPU
		{0C534E04-2CC7-4A71-8C14-9705437FD6E0}.Release|Any CPU.ActiveCfg = Release|Any CPU
		{0C534E04-2CC7-4A71-8C14-9705437FD6E0}.Release|Any CPU.Build.0 = Release|Any CPU
		{AAED55D3-0635-4AD3-B42C-B60EE84F32E6}.Debug|Any CPU.ActiveCfg = Debug|Any CPU
		{AAED55D3-0635-4AD3-B42C-B60EE84F32E6}.Debug|Any CPU.Build.0 = Debug|Any CPU
		{AAED55D3-0635-4AD3-B42C-B60EE84F32E6}.Release|Any CPU.ActiveCfg = Release|Any CPU
		{AAED55D3-0635-4AD3-B42C-B60EE84F32E6}.Release|Any CPU.Build.0 = Release|Any CPU
		{DC0726FB-A112-4AB0-BE34-A4785B7A5C35}.Debug|Any CPU.ActiveCfg = Debug|Any CPU
		{DC0726FB-A112-4AB0-BE34-A4785B7A5C35}.Debug|Any CPU.Build.0 = Debug|Any CPU
		{DC0726FB-A112-4AB0-BE34-A4785B7A5C35}.Release|Any CPU.ActiveCfg = Release|Any CPU
		{DC0726FB-A112-4AB0-BE34-A4785B7A5C35}.Release|Any CPU.Build.0 = Release|Any CPU
		{64F57F41-2218-4F42-BB65-572D6567DBCD}.Debug|Any CPU.ActiveCfg = Debug|Any CPU
		{64F57F41-2218-4F42-BB65-572D6567DBCD}.Debug|Any CPU.Build.0 = Debug|Any CPU
		{64F57F41-2218-4F42-BB65-572D6567DBCD}.Release|Any CPU.ActiveCfg = Release|Any CPU
		{64F57F41-2218-4F42-BB65-572D6567DBCD}.Release|Any CPU.Build.0 = Release|Any CPU
		{B605CC8A-83E0-493D-B5B7-F7B18D963143}.Debug|Any CPU.ActiveCfg = Debug|Any CPU
		{B605CC8A-83E0-493D-B5B7-F7B18D963143}.Debug|Any CPU.Build.0 = Debug|Any CPU
		{B605CC8A-83E0-493D-B5B7-F7B18D963143}.Release|Any CPU.ActiveCfg = Release|Any CPU
		{B605CC8A-83E0-493D-B5B7-F7B18D963143}.Release|Any CPU.Build.0 = Release|Any CPU
	EndGlobalSection
	GlobalSection(NestedProjects) = preSolution
		{0C534E04-2CC7-4A71-8C14-9705437FD6E0} = {F6F10C65-CFB7-4781-99F6-02870A80A481}
		{AAED55D3-0635-4AD3-B42C-B60EE84F32E6} = {E3FA1F7E-98B2-4FF6-9E36-E3807D864808}
		{DC0726FB-A112-4AB0-BE34-A4785B7A5C35} = {B3E1C88F-2F8F-4632-AF18-623B82F3E4A1}
		{64F57F41-2218-4F42-BB65-572D6567DBCD} = {F6F10C65-CFB7-4781-99F6-02870A80A481}
		{B605CC8A-83E0-493D-B5B7-F7B18D963143} = {E3FA1F7E-98B2-4FF6-9E36-E3807D864808}
	EndGlobalSection
EndGlobal
